
Microsoft Visual Studio Solution File, Format Version 12.00
# Visual Studio 2012
Project("{8BC9CEB8-8B4A-11D0-8D11-00A0C91BC942}") = "Calculadora", "Calculadora\Calculadora.vcxproj", "{26280FBC-0115-44D7-BF2D-04DA6B2AA5ED}"
EndProject
Global
	GlobalSection(SolutionConfigurationPlatforms) = preSolution
		Debug|Win32 = Debug|Win32
		Release|Win32 = Release|Win32
	EndGlobalSection
	GlobalSection(ProjectConfigurationPlatforms) = postSolution
		{26280FBC-0115-44D7-BF2D-04DA6B2AA5ED}.Debug|Win32.ActiveCfg = Debug|Win32
		{26280FBC-0115-44D7-BF2D-04DA6B2AA5ED}.Debug|Win32.Build.0 = Debug|Win32
		{26280FBC-0115-44D7-BF2D-04DA6B2AA5ED}.Release|Win32.ActiveCfg = Release|Win32
		{26280FBC-0115-44D7-BF2D-04DA6B2AA5ED}.Release|Win32.Build.0 = Release|Win32
	EndGlobalSection
	GlobalSection(SolutionProperties) = preSolution
		HideSolutionNode = FALSE
	EndGlobalSection
EndGlobal
